
Microsoft Visual Studio Solution File, Format Version 12.00
# Visual Studio Version 17
VisualStudioVersion = 17.14.36414.22 d17.14
MinimumVisualStudioVersion = 10.0.40219.1
Project("{FAE04EC0-301F-11D3-BF4B-00C04F79EFBC}") = "WindowsFormsApp02", "WindowsFormsApp02\WindowsFormsApp02.csproj", "{1E28C2F4-0BD3-4AB3-874D-39943FD2C81A}"
EndProject
Global
	GlobalSection(SolutionConfigurationPlatforms) = preSolution
		Debug|Any CPU = Debug|Any CPU
		Release|Any CPU = Release|Any CPU
	EndGlobalSection
	GlobalSection(ProjectConfigurationPlatforms) = postSolution
		{1E28C2F4-0BD3-4AB3-874D-39943FD2C81A}.Debug|Any CPU.ActiveCfg = Debug|Any CPU
		{1E28C2F4-0BD3-4AB3-874D-39943FD2C81A}.Debug|Any CPU.Build.0 = Debug|Any CPU
		{1E28C2F4-0BD3-4AB3-874D-39943FD2C81A}.Release|Any CPU.ActiveCfg = Release|Any CPU
		{1E28C2F4-0BD3-4AB3-874D-39943FD2C81A}.Release|Any CPU.Build.0 = Release|Any CPU
	EndGlobalSection
	GlobalSection(SolutionProperties) = preSolution
		HideSolutionNode = FALSE
	EndGlobalSection
	GlobalSection(ExtensibilityGlobals) = postSolution
		SolutionGuid = {E8FD6E92-ADCF-44A6-995D-D83EC3162DD4}
	EndGlobalSection
EndGlobal
